
Microsoft Visual Studio Solution File, Format Version 12.00
# Visual Studio Version 17
VisualStudioVersion = 17.13.35818.85
MinimumVisualStudioVersion = 10.0.40219.1
Project("{FAE04EC0-301F-11D3-BF4B-00C04F79EFBC}") = "Lab2", "Lab2.csproj", "{29F5E677-508F-452E-B11A-2AF74ADC78FF}"
EndProject
Project("{FAE04EC0-301F-11D3-BF4B-00C04F79EFBC}") = "Lab2.test", "..\Lab2.test\Lab2.test.csproj", "{C207B820-E85C-4D51-ADC6-D42E75969201}"
EndProject
Global
	GlobalSection(SolutionConfigurationPlatforms) = preSolution
		Debug|Any CPU = Debug|Any CPU
		Release|Any CPU = Release|Any CPU
	EndGlobalSection
	GlobalSection(ProjectConfigurationPlatforms) = postSolution
		{29F5E677-508F-452E-B11A-2AF74ADC78FF}.Debug|Any CPU.ActiveCfg = Debug|Any CPU
		{29F5E677-508F-452E-B11A-2AF74ADC78FF}.Debug|Any CPU.Build.0 = Debug|Any CPU
		{29F5E677-508F-452E-B11A-2AF74ADC78FF}.Release|Any CPU.ActiveCfg = Release|Any CPU
		{29F5E677-508F-452E-B11A-2AF74ADC78FF}.Release|Any CPU.Build.0 = Release|Any CPU
		{C207B820-E85C-4D51-ADC6-D42E75969201}.Debug|Any CPU.ActiveCfg = Debug|Any CPU
		{C207B820-E85C-4D51-ADC6-D42E75969201}.Debug|Any CPU.Build.0 = Debug|Any CPU
		{C207B820-E85C-4D51-ADC6-D42E75969201}.Release|Any CPU.ActiveCfg = Release|Any CPU
		{C207B820-E85C-4D51-ADC6-D42E75969201}.Release|Any CPU.Build.0 = Release|Any CPU
	EndGlobalSection
	GlobalSection(SolutionProperties) = preSolution
		HideSolutionNode = FALSE
	EndGlobalSection
	GlobalSection(ExtensibilityGlobals) = postSolution
		SolutionGuid = {9E3C6359-B4C2-49A0-9D6E-3F1C3B337693}
	EndGlobalSection
EndGlobal
